
Microsoft Visual Studio Solution File, Format Version 12.00
# Visual Studio Version 16
VisualStudioVersion = 16.0.31613.86
MinimumVisualStudioVersion = 10.0.40219.1
Project("{9A19103F-16F7-4668-BE54-9A1E7A4F7556}") = "DoAnCoSo2.Web", "DoAnCoSo2.Web\DoAnCoSo2.Web.csproj", "{13343322-1D18-426D-997D-7B319FE6BC3D}"
EndProject
Project("{9A19103F-16F7-4668-BE54-9A1E7A4F7556}") = "DoAnCoSo2.Data", "DoAnCoSo2.Data\DoAnCoSo2.Data.csproj", "{F86845AF-5FBB-473E-BC1E-34932C7D7364}"
EndProject
Project("{9A19103F-16F7-4668-BE54-9A1E7A4F7556}") = "DoAnCoSo2.DTOs", "DoAnCoSo2.DTOs\DoAnCoSo2.DTOs.csproj", "{3602E411-C44B-48DF-933B-3E79DBBE2216}"
EndProject
Global
	GlobalSection(SolutionConfigurationPlatforms) = preSolution
		Debug|Any CPU = Debug|Any CPU
		Release|Any CPU = Release|Any CPU
	EndGlobalSection
	GlobalSection(ProjectConfigurationPlatforms) = postSolution
		{13343322-1D18-426D-997D-7B319FE6BC3D}.Debug|Any CPU.ActiveCfg = Debug|Any CPU
		{13343322-1D18-426D-997D-7B319FE6BC3D}.Debug|Any CPU.Build.0 = Debug|Any CPU
		{13343322-1D18-426D-997D-7B319FE6BC3D}.Release|Any CPU.ActiveCfg = Release|Any CPU
		{13343322-1D18-426D-997D-7B319FE6BC3D}.Release|Any CPU.Build.0 = Release|Any CPU
		{F86845AF-5FBB-473E-BC1E-34932C7D7364}.Debug|Any CPU.ActiveCfg = Debug|Any CPU
		{F86845AF-5FBB-473E-BC1E-34932C7D7364}.Debug|Any CPU.Build.0 = Debug|Any CPU
		{F86845AF-5FBB-473E-BC1E-34932C7D7364}.Release|Any CPU.ActiveCfg = Release|Any CPU
		{F86845AF-5FBB-473E-BC1E-34932C7D7364}.Release|Any CPU.Build.0 = Release|Any CPU
		{3602E411-C44B-48DF-933B-3E79DBBE2216}.Debug|Any CPU.ActiveCfg = Debug|Any CPU
		{3602E411-C44B-48DF-933B-3E79DBBE2216}.Debug|Any CPU.Build.0 = Debug|Any CPU
		{3602E411-C44B-48DF-933B-3E79DBBE2216}.Release|Any CPU.ActiveCfg = Release|Any CPU
		{3602E411-C44B-48DF-933B-3E79DBBE2216}.Release|Any CPU.Build.0 = Release|Any CPU
	EndGlobalSection
	GlobalSection(SolutionProperties) = preSolution
		HideSolutionNode = FALSE
	EndGlobalSection
	GlobalSection(ExtensibilityGlobals) = postSolution
		SolutionGuid = {5F676B6A-2ECB-4EA5-BE92-021711446EED}
	EndGlobalSection
EndGlobal
